
Microsoft Visual Studio Solution File, Format Version 12.00
Project("{FAE04EC0-301F-11D3-BF4B-00C04F79EFBC}") = "OrderCLI", "OrderCLI\OrderCLI.csproj", "{D274163F-A6F6-4ED9-826A-5538C05623CE}"
EndProject
Global
	GlobalSection(SolutionConfigurationPlatforms) = preSolution
		Debug|Any CPU = Debug|Any CPU
		Release|Any CPU = Release|Any CPU
	EndGlobalSection
	GlobalSection(ProjectConfigurationPlatforms) = postSolution
		{D274163F-A6F6-4ED9-826A-5538C05623CE}.Debug|Any CPU.ActiveCfg = Debug|Any CPU
		{D274163F-A6F6-4ED9-826A-5538C05623CE}.Debug|Any CPU.Build.0 = Debug|Any CPU
		{D274163F-A6F6-4ED9-826A-5538C05623CE}.Release|Any CPU.ActiveCfg = Release|Any CPU
		{D274163F-A6F6-4ED9-826A-5538C05623CE}.Release|Any CPU.Build.0 = Release|Any CPU
	EndGlobalSection
EndGlobal
