
Microsoft Visual Studio Solution File, Format Version 12.00
# Visual Studio Version 17
VisualStudioVersion = 17.9.34701.34
MinimumVisualStudioVersion = 10.0.40219.1
Project("{9A19103F-16F7-4668-BE54-9A1E7A4F7556}") = "OrderCLI", "OrderCLI\OrderCLI.csproj", "{08E67491-6728-4AA7-8467-837B78EA170F}"
EndProject
Project("{9A19103F-16F7-4668-BE54-9A1E7A4F7556}") = "CLITest", "CLITest\CLITest.csproj", "{D079AFB1-50A5-4090-9D55-4FBADFF0088D}"
EndProject
Project("{FAE04EC0-301F-11D3-BF4B-00C04F79EFBC}") = "OrderGUI", "OrderGUI\OrderGUI.csproj", "{3E6D1020-2A0C-4941-8DBC-F8B3FC636B48}"
EndProject
Global
	GlobalSection(SolutionConfigurationPlatforms) = preSolution
		Debug|Any CPU = Debug|Any CPU
		Release|Any CPU = Release|Any CPU
	EndGlobalSection
	GlobalSection(ProjectConfigurationPlatforms) = postSolution
		{08E67491-6728-4AA7-8467-837B78EA170F}.Debug|Any CPU.ActiveCfg = Debug|Any CPU
		{08E67491-6728-4AA7-8467-837B78EA170F}.Debug|Any CPU.Build.0 = Debug|Any CPU
		{08E67491-6728-4AA7-8467-837B78EA170F}.Release|Any CPU.ActiveCfg = Release|Any CPU
		{08E67491-6728-4AA7-8467-837B78EA170F}.Release|Any CPU.Build.0 = Release|Any CPU
		{D079AFB1-50A5-4090-9D55-4FBADFF0088D}.Debug|Any CPU.ActiveCfg = Debug|Any CPU
		{D079AFB1-50A5-4090-9D55-4FBADFF0088D}.Debug|Any CPU.Build.0 = Debug|Any CPU
		{D079AFB1-50A5-4090-9D55-4FBADFF0088D}.Release|Any CPU.ActiveCfg = Release|Any CPU
		{D079AFB1-50A5-4090-9D55-4FBADFF0088D}.Release|Any CPU.Build.0 = Release|Any CPU
		{3E6D1020-2A0C-4941-8DBC-F8B3FC636B48}.Debug|Any CPU.ActiveCfg = Debug|Any CPU
		{3E6D1020-2A0C-4941-8DBC-F8B3FC636B48}.Debug|Any CPU.Build.0 = Debug|Any CPU
		{3E6D1020-2A0C-4941-8DBC-F8B3FC636B48}.Release|Any CPU.ActiveCfg = Release|Any CPU
		{3E6D1020-2A0C-4941-8DBC-F8B3FC636B48}.Release|Any CPU.Build.0 = Release|Any CPU
	EndGlobalSection
	GlobalSection(SolutionProperties) = preSolution
		HideSolutionNode = FALSE
	EndGlobalSection
	GlobalSection(ExtensibilityGlobals) = postSolution
		SolutionGuid = {CF2B1825-6B34-46F6-A3C1-090CFFBDF941}
	EndGlobalSection
EndGlobal
